{
  "name": "tyny-events",
  "version": "1.0.0",
  "lockfileVersion": 1,
  "requires": true,
  "dependencies": {
    "native-promise-only": {
      "version": "0.8.1",
      "resolved": "https://registry.npmjs.org/native-promise-only/-/native-promise-only-0.8.1.tgz",
      "integrity": "sha1-IKMYwwy0X3H+et+/eyHJnBRy7xE="
    },
    "tslib": {
      "version": "1.8.0",
      "resolved": "https://registry.npmjs.org/tslib/-/tslib-1.8.0.tgz",
      "integrity": "sha512-ymKWWZJST0/CkgduC2qkzjMOWr4bouhuURNXCn/inEX0L57BnRG6FhX76o7FOnsjHazCjfU2LKeSrlS2sIKQJg=="
    },
    "tyny-utils": {
      "version": "1.0.0",
      "resolved": "https://registry.npmjs.org/tyny-utils/-/tyny-utils-1.0.0.tgz",
      "integrity": "sha512-vmo+hNbUIVRibO+tKFf1WQBQvpbViwSeIEVOX3spgyF2SN5u/Ira55qrnb0Casfgqg03b83tTJ44SMcctYCSdg==",
      "requires": {
        "native-promise-only": "0.8.1",
        "tslib": "1.8.0"
      }
    },
    "typescript": {
      "version": "2.6.2",
      "resolved": "https://registry.npmjs.org/typescript/-/typescript-2.6.2.tgz",
      "integrity": "sha1-PFtv1/beCRQmkCfwPAlGdY92c6Q=",
      "dev": true
    }
  }
}
