{
  "name": "tyny-root",
  "version": "1.0.0",
  "lockfileVersion": 1,
  "requires": true,
  "dependencies": {
    "@types/bezier-easing": {
      "version": "2.0.0",
      "resolved": "https://registry.npmjs.org/@types/bezier-easing/-/bezier-easing-2.0.0.tgz",
      "integrity": "sha512-AnyMAZvjcoErWh2jGb8O2mh462iwGL2Vn2M2Y2kLByoQ7+zhxJCkwV0zbg/ZnvvwgDb5VqVJh5seVBUH8UQQlQ=="
    },
    "bezier-easing": {
      "version": "2.0.3",
      "resolved": "https://registry.npmjs.org/bezier-easing/-/bezier-easing-2.0.3.tgz",
      "integrity": "sha1-y0k/3bf4kg7MoAlzNEzgUYiF8X4="
    },
    "native-promise-only": {
      "version": "0.8.1",
      "resolved": "https://registry.npmjs.org/native-promise-only/-/native-promise-only-0.8.1.tgz",
      "integrity": "sha1-IKMYwwy0X3H+et+/eyHJnBRy7xE="
    },
    "tslib": {
      "version": "1.8.0",
      "resolved": "https://registry.npmjs.org/tslib/-/tslib-1.8.0.tgz",
      "integrity": "sha512-ymKWWZJST0/CkgduC2qkzjMOWr4bouhuURNXCn/inEX0L57BnRG6FhX76o7FOnsjHazCjfU2LKeSrlS2sIKQJg=="
    },
    "tyny": {
      "version": "file:modules/tyny",
      "requires": {
        "tslib": "1.8.0",
        "tyny-events": "file:modules/tyny-events",
        "tyny-services": "file:modules/tyny-services",
        "tyny-utils": "file:modules/tyny-utils"
      }
    },
    "tyny-events": {
      "version": "file:modules/tyny-events",
      "requires": {
        "tslib": "1.8.0",
        "tyny-utils": "file:modules/tyny-utils"
      }
    },
    "tyny-fx": {
      "version": "file:modules/tyny-fx",
      "requires": {
        "@types/bezier-easing": "2.0.0",
        "bezier-easing": "2.0.3",
        "tslib": "1.8.0",
        "tyny-services": "file:modules/tyny-services",
        "tyny-utils": "file:modules/tyny-utils"
      }
    },
    "tyny-services": {
      "version": "file:modules/tyny-services",
      "requires": {
        "tslib": "1.8.0",
        "tyny-events": "file:modules/tyny-events",
        "tyny-utils": "file:modules/tyny-utils"
      }
    },
    "tyny-utils": {
      "version": "file:modules/tyny-utils",
      "requires": {
        "native-promise-only": "0.8.1",
        "tslib": "1.8.0"
      }
    },
    "tyny-views": {
      "version": "file:modules/tyny-views",
      "requires": {
        "tslib": "1.8.0",
        "tyny": "file:modules/tyny",
        "tyny-events": "file:modules/tyny-events",
        "tyny-fx": "file:modules/tyny-fx",
        "tyny-services": "file:modules/tyny-services",
        "tyny-utils": "file:modules/tyny-utils"
      }
    },
    "typescript": {
      "version": "2.6.2",
      "resolved": "https://registry.npmjs.org/typescript/-/typescript-2.6.2.tgz",
      "integrity": "sha1-PFtv1/beCRQmkCfwPAlGdY92c6Q=",
      "dev": true
    }
  }
}
