{
  "name": "tyny-views",
  "version": "1.0.0",
  "lockfileVersion": 1,
  "requires": true,
  "dependencies": {
    "tslib": {
      "version": "1.8.0",
      "resolved": "https://registry.npmjs.org/tslib/-/tslib-1.8.0.tgz",
      "integrity": "sha512-ymKWWZJST0/CkgduC2qkzjMOWr4bouhuURNXCn/inEX0L57BnRG6FhX76o7FOnsjHazCjfU2LKeSrlS2sIKQJg=="
    },
    "tyny": {
      "version": "file:../tyny",
      "requires": {
        "native-promise-only": "0.8.1",
        "tslib": "1.8.0",
        "tyny-events": "file:../tyny-events",
        "tyny-services": "file:../tyny-services",
        "tyny-utils": "file:../tyny-utils"
      },
      "dependencies": {
        "native-promise-only": {
          "version": "0.8.1",
          "bundled": true
        },
        "tslib": {
          "version": "1.8.0",
          "bundled": true
        },
        "tyny-events": {
          "version": "file:../tyny-events",
          "bundled": true,
          "requires": {
            "tslib": "1.8.0",
            "tyny-utils": "file:../tyny-utils"
          },
          "dependencies": {
            "tslib": {
              "version": "1.8.0",
              "bundled": true
            },
            "tyny-utils": {
              "version": "file:../tyny-utils",
              "bundled": true,
              "requires": {
                "native-promise-only": "0.8.1",
                "tslib": "1.8.0"
              },
              "dependencies": {
                "native-promise-only": {
                  "version": "0.8.1",
                  "bundled": true
                },
                "tslib": {
                  "version": "1.8.0",
                  "bundled": true
                }
              }
            },
            "typescript": {
              "version": "2.6.2",
              "bundled": true
            }
          }
        },
        "tyny-services": {
          "version": "file:../tyny-services",
          "bundled": true,
          "requires": {
            "tslib": "1.8.0",
            "tyny-events": "file:../tyny-events",
            "tyny-utils": "file:../tyny-utils"
          },
          "dependencies": {
            "tslib": {
              "version": "1.8.0",
              "bundled": true
            },
            "tyny-events": {
              "version": "file:../tyny-events",
              "bundled": true,
              "requires": {
                "tslib": "1.8.0",
                "tyny-utils": "file:../tyny-utils"
              },
              "dependencies": {
                "tslib": {
                  "version": "1.8.0",
                  "bundled": true
                },
                "tyny-utils": {
                  "version": "file:../tyny-utils",
                  "bundled": true,
                  "requires": {
                    "native-promise-only": "0.8.1",
                    "tslib": "1.8.0"
                  },
                  "dependencies": {}
                },
                "typescript": {
                  "version": "2.6.2",
                  "bundled": true
                }
              }
            },
            "tyny-utils": {
              "version": "file:../tyny-utils",
              "bundled": true,
              "requires": {
                "native-promise-only": "0.8.1",
                "tslib": "1.8.0"
              },
              "dependencies": {
                "native-promise-only": {
                  "version": "0.8.1",
                  "bundled": true
                },
                "tslib": {
                  "version": "1.8.0",
                  "bundled": true
                },
                "typescript": {
                  "version": "2.6.1",
                  "bundled": true
                }
              }
            },
            "typescript": {
              "version": "2.6.2",
              "bundled": true
            }
          }
        },
        "tyny-utils": {
          "version": "file:../tyny-utils",
          "bundled": true,
          "requires": {
            "native-promise-only": "0.8.1",
            "tslib": "1.8.0"
          },
          "dependencies": {
            "native-promise-only": {
              "version": "0.8.1",
              "bundled": true
            },
            "tslib": {
              "version": "1.8.0",
              "bundled": true
            },
            "typescript": {
              "version": "2.6.1",
              "bundled": true
            }
          }
        },
        "typescript": {
          "version": "2.6.1",
          "bundled": true
        }
      }
    },
    "tyny-events": {
      "version": "file:../tyny-events",
      "requires": {
        "tslib": "1.8.0",
        "tyny-utils": "file:../tyny-utils"
      },
      "dependencies": {
        "tslib": {
          "version": "1.8.0",
          "bundled": true
        },
        "tyny-utils": {
          "version": "file:../tyny-utils",
          "bundled": true,
          "requires": {
            "native-promise-only": "0.8.1",
            "tslib": "1.8.0"
          },
          "dependencies": {
            "native-promise-only": {
              "version": "0.8.1",
              "bundled": true
            },
            "tslib": {
              "version": "1.8.0",
              "bundled": true
            },
            "typescript": {
              "version": "2.6.1",
              "bundled": true
            }
          }
        },
        "typescript": {
          "version": "2.6.2",
          "bundled": true
        }
      }
    },
    "tyny-fx": {
      "version": "file:../tyny-fx",
      "requires": {
        "@types/bezier-easing": "2.0.0",
        "bezier-easing": "2.0.3",
        "tslib": "1.8.0",
        "tyny-services": "file:../tyny-services",
        "tyny-utils": "file:../tyny-utils"
      },
      "dependencies": {
        "@types/bezier-easing": {
          "version": "2.0.0",
          "bundled": true
        },
        "bezier-easing": {
          "version": "2.0.3",
          "bundled": true
        },
        "tslib": {
          "version": "1.8.0",
          "bundled": true
        },
        "tyny-services": {
          "version": "file:../tyny-services",
          "bundled": true,
          "requires": {
            "tslib": "1.8.0",
            "tyny-events": "file:../tyny-events",
            "tyny-utils": "file:../tyny-utils"
          },
          "dependencies": {
            "tslib": {
              "version": "1.8.0",
              "bundled": true
            },
            "tyny-events": {
              "version": "file:../tyny-events",
              "bundled": true,
              "requires": {
                "tslib": "1.8.0",
                "tyny-utils": "file:../tyny-utils"
              },
              "dependencies": {
                "tslib": {
                  "version": "1.8.0",
                  "bundled": true
                },
                "tyny-utils": {
                  "version": "file:../tyny-utils",
                  "bundled": true,
                  "requires": {
                    "native-promise-only": "0.8.1",
                    "tslib": "1.8.0"
                  },
                  "dependencies": {
                    "native-promise-only": {
                      "version": "0.8.1",
                      "bundled": true
                    },
                    "tslib": {
                      "version": "1.8.0",
                      "bundled": true
                    },
                    "typescript": {
                      "version": "2.6.1",
                      "bundled": true
                    }
                  }
                },
                "typescript": {
                  "version": "2.6.2",
                  "bundled": true
                }
              }
            },
            "tyny-utils": {
              "version": "file:../tyny-utils",
              "bundled": true,
              "requires": {
                "native-promise-only": "0.8.1",
                "tslib": "1.8.0"
              },
              "dependencies": {
                "native-promise-only": {
                  "version": "0.8.1",
                  "bundled": true
                },
                "tslib": {
                  "version": "1.8.0",
                  "bundled": true
                },
                "typescript": {
                  "version": "2.6.1",
                  "bundled": true
                }
              }
            },
            "typescript": {
              "version": "2.6.2",
              "bundled": true
            }
          }
        },
        "tyny-utils": {
          "version": "file:../tyny-utils",
          "bundled": true,
          "requires": {
            "native-promise-only": "0.8.1",
            "tslib": "1.8.0"
          },
          "dependencies": {
            "native-promise-only": {
              "version": "0.8.1",
              "bundled": true
            },
            "tslib": {
              "version": "1.8.0",
              "bundled": true
            },
            "typescript": {
              "version": "2.6.1",
              "bundled": true
            }
          }
        },
        "typescript": {
          "version": "2.6.1",
          "bundled": true
        }
      }
    },
    "tyny-services": {
      "version": "file:../tyny-services",
      "requires": {
        "tslib": "1.8.0",
        "tyny-events": "file:../tyny-events",
        "tyny-utils": "file:../tyny-utils"
      },
      "dependencies": {
        "tslib": {
          "version": "1.8.0",
          "bundled": true
        },
        "tyny-events": {
          "version": "file:../tyny-events",
          "bundled": true,
          "requires": {
            "tslib": "1.8.0",
            "tyny-utils": "file:../tyny-utils"
          },
          "dependencies": {
            "tslib": {
              "version": "1.8.0",
              "bundled": true
            },
            "tyny-utils": {
              "version": "file:../tyny-utils",
              "bundled": true,
              "requires": {
                "native-promise-only": "0.8.1",
                "tslib": "1.8.0"
              },
              "dependencies": {
                "native-promise-only": {
                  "version": "0.8.1",
                  "bundled": true
                },
                "tslib": {
                  "version": "1.8.0",
                  "bundled": true
                },
                "typescript": {
                  "version": "2.6.1",
                  "bundled": true
                }
              }
            },
            "typescript": {
              "version": "2.6.2",
              "bundled": true
            }
          }
        },
        "tyny-utils": {
          "version": "file:../tyny-utils",
          "bundled": true,
          "requires": {
            "native-promise-only": "0.8.1",
            "tslib": "1.8.0"
          },
          "dependencies": {
            "native-promise-only": {
              "version": "0.8.1",
              "bundled": true
            },
            "tslib": {
              "version": "1.8.0",
              "bundled": true
            },
            "typescript": {
              "version": "2.6.1",
              "bundled": true
            }
          }
        },
        "typescript": {
          "version": "2.6.2",
          "bundled": true
        }
      }
    },
    "tyny-utils": {
      "version": "file:../tyny-utils",
      "requires": {
        "native-promise-only": "0.8.1",
        "tslib": "1.8.0"
      },
      "dependencies": {
        "native-promise-only": {
          "version": "0.8.1",
          "bundled": true
        },
        "tslib": {
          "version": "1.8.0",
          "bundled": true
        },
        "typescript": {
          "version": "2.6.1",
          "bundled": true
        }
      }
    },
    "typescript": {
      "version": "2.6.2",
      "resolved": "https://registry.npmjs.org/typescript/-/typescript-2.6.2.tgz",
      "integrity": "sha1-PFtv1/beCRQmkCfwPAlGdY92c6Q=",
      "dev": true
    }
  }
}
